
Microsoft Visual Studio Solution File, Format Version 11.00
# Visual Studio 2010
Project("{8BC9CEB8-8B4A-11D0-8D11-00A0C91BC942}") = "CIS565_PROJ_0", "CIS565_PROJ_0\CIS565_PROJ_0.vcxproj", "{516CBE45-C710-4E93-B1D0-50E33863C6D3}"
EndProject
Global
	GlobalSection(SolutionConfigurationPlatforms) = preSolution
		Debug|Win32 = Debug|Win32
		Release|Win32 = Release|Win32
	EndGlobalSection
	GlobalSection(ProjectConfigurationPlatforms) = postSolution
		{516CBE45-C710-4E93-B1D0-50E33863C6D3}.Debug|Win32.ActiveCfg = Debug|Win32
		{516CBE45-C710-4E93-B1D0-50E33863C6D3}.Debug|Win32.Build.0 = Debug|Win32
		{516CBE45-C710-4E93-B1D0-50E33863C6D3}.Release|Win32.ActiveCfg = Release|Win32
		{516CBE45-C710-4E93-B1D0-50E33863C6D3}.Release|Win32.Build.0 = Release|Win32
	EndGlobalSection
	GlobalSection(SolutionProperties) = preSolution
		HideSolutionNode = FALSE
	EndGlobalSection
EndGlobal
